Microsoft Visual Studio Solution File, Format Version 12.00
# Visual Studio Version 17
VisualStudioVersion = 17.5.2.0
MinimumVisualStudioVersion = 10.0.40219.1
Project("{FAE04EC0-301F-11D3-BF4B-00C04F79EFBC}") = "MyEcommerce.WebApi", "MyEcommerce.WebApi.csproj", "{CC9C9D10-32BF-4815-7B5A-C19EF91DF3FA}"
EndProject
Global
	GlobalSection(SolutionConfigurationPlatforms) = preSolution
		Debug|Any CPU = Debug|Any CPU
		Release|Any CPU = Release|Any CPU
	EndGlobalSection
	GlobalSection(ProjectConfigurationPlatforms) = postSolution
		{CC9C9D10-32BF-4815-7B5A-C19EF91DF3FA}.Debug|Any CPU.ActiveCfg = Debug|Any CPU
		{CC9C9D10-32BF-4815-7B5A-C19EF91DF3FA}.Debug|Any CPU.Build.0 = Debug|Any CPU
		{CC9C9D10-32BF-4815-7B5A-C19EF91DF3FA}.Release|Any CPU.ActiveCfg = Release|Any CPU
		{CC9C9D10-32BF-4815-7B5A-C19EF91DF3FA}.Release|Any CPU.Build.0 = Release|Any CPU
	EndGlobalSection
	GlobalSection(SolutionProperties) = preSolution
		HideSolutionNode = FALSE
	EndGlobalSection
	GlobalSection(ExtensibilityGlobals) = postSolution
		SolutionGuid = {97E2CB68-35DF-46E1-8BB1-EFEBAA31942D}
	EndGlobalSection
EndGlobal
